id: b_antennaarraylinearz_3d
label: b_antennaarraylinearz_3d
category: '[comdiguis]'

parameters:
-   id: Dz
    label: separacion en lambdas
    dtype: real
    default: '0.5'
    hide: none
-   id: phi_i_gr
    label: angulo phi
    dtype: raw
    default: numpy.linspace(-numpy.pi, numpy.pi, 10)
    hide: none
-   id: theta_i_gr
    label: angulo theta
    dtype: raw
    default: numpy.array([0,1,2,3])
    hide: none

inputs:
-   label: in0
    dtype: complex
    vlen: 1
-   label: in1
    dtype: complex
    vlen: 1
-   label: in3
    dtype: complex
    vlen: 1
-   label: in2
    dtype: complex
    vlen: 1

outputs:
-   label: out
    dtype: complex
    vlen: 1

templates:
    imports: 'from b_antennaarraylinearz_3d import b_antennaarraylinearz_3d  # grc-generated
        hier_block'
    make: "b_antennaarraylinearz_3d(\n    Dz=${ Dz },\n    phi_i_gr=${ phi_i_gr },\n\
        \    theta_i_gr=${ theta_i_gr },\n)"
    callbacks:
    - set_Dz(${ Dz })
    - set_phi_i_gr(${ phi_i_gr })
    - set_theta_i_gr(${ theta_i_gr })

documentation: "Homero Ortega\nSimula el comportamiento del hardware de un arreglo\
    \ de antenas m\xE1s basico que es el caso en que los radiadores est\xE1n dispuestos\
    \ de manera lineal, sobre el eje z, donde Dz es la distancia entre los radiadores\
    \ dada en longitudes de onda, por ejemplo Dz=0.5 significa media longitud de onda.\
    \ N es el numeo de radiadores, distancias es la distantacia desde z=0 hasta cada\
    \ radiador; fases son los desfases que sufre cada se\xF1al para llegar a un punto\
    \ de observaci\xF3n ubicado en un angulo theta_i\n/home/comu2_grupoc1/.local/state/gnuradio/b_antennaarraylinearz_3d.py"
grc_source: /home/comu2_grupoc1/CommunicationsII_M5/comdig_Lib_Bloques.3.8-master/b_antennaarraylinearz_3d.grc

file_format: 1
