id: b_cdf_ff
label: QT GUI b_cdf_ff
category: '[comdiguis]'
flags: need_qt_gui

parameters:
-   id: EjeX
    label: Nombre Eje Horiz
    dtype: raw
    default: '''potencia'''
    hide: none
-   id: Xmax
    label: Xmax
    dtype: real
    default: '4.'
    hide: none
-   id: Xmin
    label: Xmin
    dtype: real
    default: '-4.'
    hide: none
-   id: gui_hint
    label: GUI Hint
    dtype: gui_hint
    hide: part

inputs:
-   label: in
    dtype: float
    vlen: 1

outputs: []

templates:
    imports: 'from b_cdf_ff import b_cdf_ff  # grc-generated hier_block'
    make: "b_cdf_ff(\n    EjeX=${ EjeX },\n    Xmax=${ Xmax },\n    Xmin=${ Xmin },\n\
        )\n<% win = 'self.%s'%id %>\n${ gui_hint() % win }"
    callbacks:
    - set_EjeX(${ EjeX })
    - set_Xmax(${ Xmax })
    - set_Xmin(${ Xmin })

documentation: 'Homero Ortega Boada. Universidad Industrial de Santander

    Hecho por Homero Ortega. Recibe an input with values between Xmin and Xmax and
    calculate the Cumulative Distribution Function (CDF) dinamically.

    /home/comu2_grupoc1/.local/state/gnuradio/b_cdf_ff.py'
grc_source: /home/comu2_grupoc1/CommunicationsII_M5/comdig_Lib_Bloques.3.8-master/Bloques
    de cuidado en GNURadio 3.8.1/b_QT_cdf_ff.grc

file_format: 1
