id: b_M_PAM_bb
label: b_M_PAM_bb
category: '[comdiguis]'

parameters:
-   id: M
    label: M
    dtype: int
    default: '4'
    hide: none

inputs:
-   label: in
    dtype: byte
    vlen: 1

outputs:
-   label: out
    dtype: byte
    vlen: 1

templates:
    imports: 'from b_M_PAM_bb import b_M_PAM_bb  # grc-generated hier_block'
    make: "b_M_PAM_bb(\n    M=${ M },\n)"
    callbacks:
    - set_M(${ M })

documentation: 'Homero Ortega Boada. Universidad Industrial de Santander

    Es un modulador M-PAM. La entrada y la salida es de tipo Byte, pero en la entrada
    lo que se esperan son unos y ceros, osea que la entrada es una senal PCM.

    /home/comu2_grupoc1/.local/state/gnuradio/b_M_PAM_bb.py'
grc_source: /home/comu2_grupoc1/CommunicationsII_M5/comdig_Lib_Bloques.3.8-master/Bloques
    de cuidado en GNURadio 3.8.1/b_M_PAM_bb.grc

file_format: 1
