id: b_Nyquis_Filter_ff
label: b_Nyquist_Filter_ff
category: '[comdiguis]'

parameters:
-   id: Ganancia
    label: Ganancia
    dtype: real
    default: '1.'
    hide: none
-   id: Sps
    label: Sps
    dtype: int
    default: '8'
    hide: none
-   id: ntaps
    label: ntaps
    dtype: int
    default: '16'
    hide: none

inputs:
-   label: in
    dtype: float
    vlen: 1

outputs:
-   label: out
    dtype: float
    vlen: 1
-   label: h[n]
    dtype: float
    vlen: 1
    optional: true

templates:
    imports: 'from b_Nyquis_Filter_ff import b_Nyquis_Filter_ff  # grc-generated hier_block'
    make: "b_Nyquis_Filter_ff(\n    Ganancia=${ Ganancia },\n    Sps=${ Sps },\n \
        \   ntaps=${ ntaps },\n)"
    callbacks:
    - set_Ganancia(${ Ganancia })
    - set_Sps(${ Sps })
    - set_ntaps(${ ntaps })

documentation: 'Done by: Homero Ortega Boada. Universidad Industrial de Santander

    It is the float version of Nyquist Filter in a proof period. Parameters: Sps -
    the number of samples per simbol the filter will produce; ntaps- the number of
    components in the impulse response

    /home/comu2_grupoc1/.local/state/gnuradio/b_Nyquis_Filter_ff.py'
grc_source: /home/comu2_grupoc1/CommunicationsII_M5/comdig_Lib_Bloques.3.8-master/b_Nyquist_Filter_ff.grc

file_format: 1
