id: b_PSD_ff
label: b_PSD_ff
category: '[comdiguis]'

parameters:
-   id: Ensayos
    label: N_ensayos
    dtype: raw
    default: '1000000'
    hide: none
-   id: N
    label: N_FFT
    dtype: raw
    default: '1024'
    hide: none
-   id: samp_rate_audio
    label: Fmuestreo
    dtype: raw
    default: '22000'
    hide: none

inputs:
-   label: in
    dtype: float
    vlen: 1

outputs:
-   label: out
    dtype: float
    vlen: 1024

templates:
    imports: 'from b_PSD_ff import b_PSD_ff  # grc-generated hier_block'
    make: "b_PSD_ff(\n    Ensayos=${ Ensayos },\n    N=${ N },\n    samp_rate_audio=${\
        \ samp_rate_audio },\n)"
    callbacks:
    - set_Ensayos(${ Ensayos })
    - set_N(${ N })
    - set_samp_rate_audio(${ samp_rate_audio })

documentation: 'Homero Ortega

    /home/comu2_grupoc1/.local/state/gnuradio/b_PSD_ff.py'
grc_source: /home/comu2_grupoc1/CommunicationsII_M5/comdig_Lib_Bloques.3.8-master/b_PSD_ff.grc

file_format: 1
