id: b_PSD_f
label: QT GUI b_PSD_f
category: '[comdiguis]'
flags: need_qt_gui

parameters:
-   id: Ensayos
    label: N_ensayos
    dtype: raw
    default: '1000000'
    hide: none
-   id: N
    label: N_FFT
    dtype: raw
    default: '1024'
    hide: none
-   id: Titulo
    label: Titulo
    dtype: raw
    default: '''espectro'''
    hide: none
-   id: Ymax
    label: Ymax
    dtype: raw
    default: '1.'
    hide: none
-   id: samp_rate
    label: Fmuestreo
    dtype: raw
    default: '22000'
    hide: none
-   id: gui_hint
    label: GUI Hint
    dtype: gui_hint
    hide: part

inputs:
-   label: in
    dtype: float
    vlen: 1

outputs: []

templates:
    imports: 'from b_PSD_f import b_PSD_f  # grc-generated hier_block'
    make: "b_PSD_f(\n    Ensayos=${ Ensayos },\n    N=${ N },\n    Titulo=${ Titulo\
        \ },\n    Ymax=${ Ymax },\n    samp_rate=${ samp_rate },\n)\n<% win = 'self.%s'%id\
        \ %>\n${ gui_hint() % win }"
    callbacks:
    - set_Ensayos(${ Ensayos })
    - set_N(${ N })
    - set_Titulo(${ Titulo })
    - set_Ymax(${ Ymax })
    - set_samp_rate(${ samp_rate })

documentation: 'Homero Ortega

    /home/comu2_grupoc1/.local/state/gnuradio/b_PSD_f.py'
grc_source: /home/comu2_grupoc1/CommunicationsII_M5/comdig_Lib_Bloques.3.8-master/b_PSD_f.grc

file_format: 1
