id: b_slope_circuit_H2_cc
label: b_slope_circuit_H2_cc
category: '[comdiguis]'

parameters:
-   id: BW
    label: Ancho de banda
    dtype: real
    default: '1000'
    hide: none
-   id: F_muestreo
    label: F_muestreo
    dtype: real
    default: '1000'
    hide: none
-   id: pendiente
    label: pendiente
    dtype: real
    default: '1.'
    hide: none

inputs:
-   label: in
    dtype: complex
    vlen: 1

outputs:
-   label: out
    dtype: complex
    vlen: 1

templates:
    imports: 'from b_slope_circuit_H2_cc import b_slope_circuit_H2_cc  # grc-generated
        hier_block'
    make: "b_slope_circuit_H2_cc(\n    BW=${ BW },\n    F_muestreo=${ F_muestreo },\n\
        \    pendiente=${ pendiente },\n)"
    callbacks:
    - set_BW(${ BW })
    - set_F_muestreo(${ F_muestreo })
    - set_pendiente(${ pendiente })

documentation: 'Homero Ortega Boada. Universidad Industrial de Santander

    Se refierea al Slope Circuit que enn el libro de Haykin, capitulo 2.7 esta representado
    como H2(f)

    /home/comu2_grupoc1/.local/state/gnuradio/b_slope_circuit_H2_cc.py'
grc_source: /home/comu2_grupoc1/CommunicationsII_M5/comdig_Lib_Bloques.3.8-master/BloquesDependientes/b_slope_circuit_H2_cc.grc

file_format: 1
